
Microsoft Visual Studio Solution File, Format Version 12.00
# Visual Studio 15
VisualStudioVersion = 15.0.28307.902
MinimumVisualStudioVersion = 10.0.40219.1
Project("{FAE04EC0-301F-11D3-BF4B-00C04F79EFBC}") = "dotNet5780_03_8772_9333", "dotNet5780_03_8772_9333\dotNet5780_03_8772_9333.csproj", "{EC48A99E-1397-495A-9B8E-E5940083602C}"
EndProject
Global
	GlobalSection(SolutionConfigurationPlatforms) = preSolution
		Debug|Any CPU = Debug|Any CPU
		Release|Any CPU = Release|Any CPU
	EndGlobalSection
	GlobalSection(ProjectConfigurationPlatforms) = postSolution
		{EC48A99E-1397-495A-9B8E-E5940083602C}.Debug|Any CPU.ActiveCfg = Debug|Any CPU
		{EC48A99E-1397-495A-9B8E-E5940083602C}.Debug|Any CPU.Build.0 = Debug|Any CPU
		{EC48A99E-1397-495A-9B8E-E5940083602C}.Release|Any CPU.ActiveCfg = Release|Any CPU
		{EC48A99E-1397-495A-9B8E-E5940083602C}.Release|Any CPU.Build.0 = Release|Any CPU
	EndGlobalSection
	GlobalSection(SolutionProperties) = preSolution
		HideSolutionNode = FALSE
	EndGlobalSection
	GlobalSection(ExtensibilityGlobals) = postSolution
		SolutionGuid = {CBB10E5A-0DC9-49AE-993B-04EA46C9E45A}
	EndGlobalSection
EndGlobal
